// !$*UTF8*$!
{
	archiveVersion = 1;
	classes = {
	};
	objectVersion = 50;
	objects = {

/* Begin PBXBuildFile section */
		4926ED4321C3BE2C0078625B /* Default-568h@2x.png in Resources */ = {isa = PBXBuildFile; fileRef = 4926ED4221C3BE2C0078625B /* Default-568h@2x.png */; };
		4996989C21C6D28100AC8632 /* MattHabitual.xcdatamodeld in Sources */ = {isa = PBXBuildFile; fileRef = 4996989A21C6D28100AC8632 /* MattHabitual.xcdatamodeld */; };
		AB1ED4B921C331A50076510D /* AppDelegate.swift in Sources */ = {isa = PBXBuildFile; fileRef = AB1ED4B821C331A50076510D /* AppDelegate.swift */; };
		AB1ED4C321C331A60076510D /* Assets.xcassets in Resources */ = {isa = PBXBuildFile; fileRef = AB1ED4C221C331A60076510D /* Assets.xcassets */; };
		AB1ED4C621C331A60076510D /* LaunchScreen.storyboard in Resources */ = {isa = PBXBuildFile; fileRef = AB1ED4C421C331A60076510D /* LaunchScreen.storyboard */; };
		AB1ED4DE21C332C40076510D /* DateExtensions.swift in Sources */ = {isa = PBXBuildFile; fileRef = AB1ED4CE21C332C30076510D /* DateExtensions.swift */; };
		AB1ED4DF21C332C40076510D /* HabitDetailedViewController.xib in Resources */ = {isa = PBXBuildFile; fileRef = AB1ED4CF21C332C30076510D /* HabitDetailedViewController.xib */; };
		AB1ED4E021C332C40076510D /* HabitDetailedViewController.swift in Sources */ = {isa = PBXBuildFile; fileRef = AB1ED4D021C332C30076510D /* HabitDetailedViewController.swift */; };
		AB1ED4E121C332C40076510D /* Habit.swift in Sources */ = {isa = PBXBuildFile; fileRef = AB1ED4D121C332C30076510D /* Habit.swift */; };
		AB1ED4E321C332C40076510D /* AddHabitViewController.xib in Resources */ = {isa = PBXBuildFile; fileRef = AB1ED4D321C332C30076510D /* AddHabitViewController.xib */; };
		AB1ED4E421C332C40076510D /* HabitsTableViewController.xib in Resources */ = {isa = PBXBuildFile; fileRef = AB1ED4D421C332C30076510D /* HabitsTableViewController.xib */; };
		AB1ED4E521C332C40076510D /* PersistenceLayer.swift in Sources */ = {isa = PBXBuildFile; fileRef = AB1ED4D521C332C30076510D /* PersistenceLayer.swift */; };
		AB1ED4E621C332C40076510D /* HabitImageCollectionViewCell.swift in Sources */ = {isa = PBXBuildFile; fileRef = AB1ED4D621C332C30076510D /* HabitImageCollectionViewCell.swift */; };
		AB1ED4E721C332C40076510D /* HabitImageCollectionViewCell.xib in Resources */ = {isa = PBXBuildFile; fileRef = AB1ED4D721C332C30076510D /* HabitImageCollectionViewCell.xib */; };
		AB1ED4E821C332C40076510D /* HabitTableViewCell.swift in Sources */ = {isa = PBXBuildFile; fileRef = AB1ED4D821C332C30076510D /* HabitTableViewCell.swift */; };
		AB1ED4E921C332C40076510D /* HabitsTableViewController.swift in Sources */ = {isa = PBXBuildFile; fileRef = AB1ED4D921C332C40076510D /* HabitsTableViewController.swift */; };
		AB1ED4EA21C332C40076510D /* AddHabitViewController.swift in Sources */ = {isa = PBXBuildFile; fileRef = AB1ED4DA21C332C40076510D /* AddHabitViewController.swift */; };
		AB1ED4EB21C332C40076510D /* HabitTableViewCell.xib in Resources */ = {isa = PBXBuildFile; fileRef = AB1ED4DB21C332C40076510D /* HabitTableViewCell.xib */; };
		AB1ED4EC21C332C40076510D /* ConfirmHabitViewController.swift in Sources */ = {isa = PBXBuildFile; fileRef = AB1ED4DC21C332C40076510D /* ConfirmHabitViewController.swift */; };
		AB1ED4ED21C332C40076510D /* ConfirmHabitViewController.xib in Resources */ = {isa = PBXBuildFile; fileRef = AB1ED4DD21C332C40076510D /* ConfirmHabitViewController.xib */; };
/* End PBXBuildFile section */

/* Begin PBXFileReference section */
		4926ED4221C3BE2C0078625B /* Default-568h@2x.png */ = {isa = PBXFileReference; lastKnownFileType = image.png; path = "Default-568h@2x.png"; sourceTree = "<group>"; };
		4996989B21C6D28100AC8632 /* MattHabitual.xcdatamodel */ = {isa = PBXFileReference; lastKnownFileType = wrapper.xcdatamodel; path = MattHabitual.xcdatamodel; sourceTree = "<group>"; };
		AB1ED4B521C331A50076510D /* MattHabitual.app */ = {isa = PBXFileReference; explicitFileType = wrapper.application; includeInIndex = 0; path = MattHabitual.app; sourceTree = BUILT_PRODUCTS_DIR; };
		AB1ED4B821C331A50076510D /* AppDelegate.swift */ = {isa = PBXFileReference; lastKnownFileType = sourcecode.swift; path = AppDelegate.swift; sourceTree = "<group>"; };
		AB1ED4C221C331A60076510D /* Assets.xcassets */ = {isa = PBXFileReference; lastKnownFileType = folder.assetcatalog; path = Assets.xcassets; sourceTree = "<group>"; };
		AB1ED4C521C331A60076510D /* Base */ = {isa = PBXFileReference; lastKnownFileType = file.storyboard; name = Base; path = Base.lproj/LaunchScreen.storyboard; sourceTree = "<group>"; };
		AB1ED4C721C331A60076510D /* Info.plist */ = {isa = PBXFileReference; lastKnownFileType = text.plist.xml; path = Info.plist; sourceTree = "<group>"; };
		AB1ED4CE21C332C30076510D /* DateExtensions.swift */ = {isa = PBXFileReference; fileEncoding = 4; lastKnownFileType = sourcecode.swift; path = DateExtensions.swift; sourceTree = "<group>"; };
		AB1ED4CF21C332C30076510D /* HabitDetailedViewController.xib */ = {isa = PBXFileReference; fileEncoding = 4; lastKnownFileType = file.xib; path = HabitDetailedViewController.xib; sourceTree = "<group>"; };
		AB1ED4D021C332C30076510D /* HabitDetailedViewController.swift */ = {isa = PBXFileReference; fileEncoding = 4; lastKnownFileType = sourcecode.swift; path = HabitDetailedViewController.swift; sourceTree = "<group>"; };
		AB1ED4D121C332C30076510D /* Habit.swift */ = {isa = PBXFileReference; fileEncoding = 4; lastKnownFileType = sourcecode.swift; path = Habit.swift; sourceTree = "<group>"; };
		AB1ED4D321C332C30076510D /* AddHabitViewController.xib */ = {isa = PBXFileReference; fileEncoding = 4; lastKnownFileType = file.xib; path = AddHabitViewController.xib; sourceTree = "<group>"; };
		AB1ED4D421C332C30076510D /* HabitsTableViewController.xib */ = {isa = PBXFileReference; fileEncoding = 4; lastKnownFileType = file.xib; path = HabitsTableViewController.xib; sourceTree = "<group>"; };
		AB1ED4D521C332C30076510D /* PersistenceLayer.swift */ = {isa = PBXFileReference; fileEncoding = 4; lastKnownFileType = sourcecode.swift; path = PersistenceLayer.swift; sourceTree = "<group>"; };
		AB1ED4D621C332C30076510D /* HabitImageCollectionViewCell.swift */ = {isa = PBXFileReference; fileEncoding = 4; lastKnownFileType = sourcecode.swift; path = HabitImageCollectionViewCell.swift; sourceTree = "<group>"; };
		AB1ED4D721C332C30076510D /* HabitImageCollectionViewCell.xib */ = {isa = PBXFileReference; fileEncoding = 4; lastKnownFileType = file.xib; path = HabitImageCollectionViewCell.xib; sourceTree = "<group>"; };
		AB1ED4D821C332C30076510D /* HabitTableViewCell.swift */ = {isa = PBXFileReference; fileEncoding = 4; lastKnownFileType = sourcecode.swift; path = HabitTableViewCell.swift; sourceTree = "<group>"; };
		AB1ED4D921C332C40076510D /* HabitsTableViewController.swift */ = {isa = PBXFileReference; fileEncoding = 4; lastKnownFileType = sourcecode.swift; path = HabitsTableViewController.swift; sourceTree = "<group>"; };
		AB1ED4DA21C332C40076510D /* AddHabitViewController.swift */ = {isa = PBXFileReference; fileEncoding = 4; lastKnownFileType = sourcecode.swift; path = AddHabitViewController.swift; sourceTree = "<group>"; };
		AB1ED4DB21C332C40076510D /* HabitTableViewCell.xib */ = {isa = PBXFileReference; fileEncoding = 4; lastKnownFileType = file.xib; path = HabitTableViewCell.xib; sourceTree = "<group>"; };
		AB1ED4DC21C332C40076510D /* ConfirmHabitViewController.swift */ = {isa = PBXFileReference; fileEncoding = 4; lastKnownFileType = sourcecode.swift; path = ConfirmHabitViewController.swift; sourceTree = "<group>"; };
		AB1ED4DD21C332C40076510D /* ConfirmHabitViewController.xib */ = {isa = PBXFileReference; fileEncoding = 4; lastKnownFileType = file.xib; path = ConfirmHabitViewController.xib; sourceTree = "<group>"; };
/* End PBXFileReference section */

/* Begin PBXFrameworksBuildPhase section */
		AB1ED4B221C331A50076510D /* Frameworks */ = {
			isa = PBXFrameworksBuildPhase;
			buildActionMask = 2147483647;
			files = (
			);
			runOnlyForDeploymentPostprocessing = 0;
		};
/* End PBXFrameworksBuildPhase section */

/* Begin PBXGroup section */
		AB1ED4AC21C331A50076510D = {
			isa = PBXGroup;
			children = (
				4926ED4221C3BE2C0078625B /* Default-568h@2x.png */,
				AB1ED4B721C331A50076510D /* MattHabitual */,
				AB1ED4B621C331A50076510D /* Products */,
			);
			sourceTree = "<group>";
		};
		AB1ED4B621C331A50076510D /* Products */ = {
			isa = PBXGroup;
			children = (
				AB1ED4B521C331A50076510D /* MattHabitual.app */,
			);
			name = Products;
			sourceTree = "<group>";
		};
		AB1ED4B721C331A50076510D /* MattHabitual */ = {
			isa = PBXGroup;
			children = (
				AB1ED4CD21C332500076510D /* Views */,
				AB1ED4B821C331A50076510D /* AppDelegate.swift */,
				AB1ED4C221C331A60076510D /* Assets.xcassets */,
				AB1ED4C421C331A60076510D /* LaunchScreen.storyboard */,
				AB1ED4C721C331A60076510D /* Info.plist */,
				4996989A21C6D28100AC8632 /* MattHabitual.xcdatamodeld */,
			);
			path = MattHabitual;
			sourceTree = "<group>";
		};
		AB1ED4CD21C332500076510D /* Views */ = {
			isa = PBXGroup;
			children = (
				AB1ED4DA21C332C40076510D /* AddHabitViewController.swift */,
				AB1ED4D321C332C30076510D /* AddHabitViewController.xib */,
				AB1ED4DC21C332C40076510D /* ConfirmHabitViewController.swift */,
				AB1ED4DD21C332C40076510D /* ConfirmHabitViewController.xib */,
				AB1ED4CE21C332C30076510D /* DateExtensions.swift */,
				AB1ED4D121C332C30076510D /* Habit.swift */,
				AB1ED4D021C332C30076510D /* HabitDetailedViewController.swift */,
				AB1ED4CF21C332C30076510D /* HabitDetailedViewController.xib */,
				AB1ED4D621C332C30076510D /* HabitImageCollectionViewCell.swift */,
				AB1ED4D721C332C30076510D /* HabitImageCollectionViewCell.xib */,
				AB1ED4D921C332C40076510D /* HabitsTableViewController.swift */,
				AB1ED4D421C332C30076510D /* HabitsTableViewController.xib */,
				AB1ED4D821C332C30076510D /* HabitTableViewCell.swift */,
				AB1ED4DB21C332C40076510D /* HabitTableViewCell.xib */,
				AB1ED4D521C332C30076510D /* PersistenceLayer.swift */,
			);
			path = Views;
			sourceTree = "<group>";
		};
/* End PBXGroup section */

/* Begin PBXNativeTarget section */
		AB1ED4B421C331A50076510D /* MattHabitual */ = {
			isa = PBXNativeTarget;
			buildConfigurationList = AB1ED4CA21C331A60076510D /* Build configuration list for PBXNativeTarget "MattHabitual" */;
			buildPhases = (
				AB1ED4B121C331A50076510D /* Sources */,
				AB1ED4B221C331A50076510D /* Frameworks */,
				AB1ED4B321C331A50076510D /* Resources */,
			);
			buildRules = (
			);
			dependencies = (
			);
			name = MattHabitual;
			productName = JonHabitual;
			productReference = AB1ED4B521C331A50076510D /* MattHabitual.app */;
			productType = "com.apple.product-type.application";
		};
/* End PBXNativeTarget section */

/* Begin PBXProject section */
		AB1ED4AD21C331A50076510D /* Project object */ = {
			isa = PBXProject;
			attributes = {
				LastSwiftUpdateCheck = 1000;
				LastUpgradeCheck = 1000;
				ORGANIZATIONNAME = "Matthew P";
				TargetAttributes = {
					AB1ED4B421C331A50076510D = {
						CreatedOnToolsVersion = 10.0;
					};
				};
			};
			buildConfigurationList = AB1ED4B021C331A50076510D /* Build configuration list for PBXProject "MattHabitual" */;
			compatibilityVersion = "Xcode 9.3";
			developmentRegion = en;
			hasScannedForEncodings = 0;
			knownRegions = (
				en,
				Base,
			);
			mainGroup = AB1ED4AC21C331A50076510D;
			productRefGroup = AB1ED4B621C331A50076510D /* Products */;
			projectDirPath = "";
			projectRoot = "";
			targets = (
				AB1ED4B421C331A50076510D /* MattHabitual */,
			);
		};
/* End PBXProject section */

/* Begin PBXResourcesBuildPhase section */
		AB1ED4B321C331A50076510D /* Resources */ = {
			isa = PBXResourcesBuildPhase;
			buildActionMask = 2147483647;
			files = (
				AB1ED4DF21C332C40076510D /* HabitDetailedViewController.xib in Resources */,
				AB1ED4E421C332C40076510D /* HabitsTableViewController.xib in Resources */,
				4926ED4321C3BE2C0078625B /* Default-568h@2x.png in Resources */,
				AB1ED4C621C331A60076510D /* LaunchScreen.storyboard in Resources */,
				AB1ED4EB21C332C40076510D /* HabitTableViewCell.xib in Resources */,
				AB1ED4ED21C332C40076510D /* ConfirmHabitViewController.xib in Resources */,
				AB1ED4C321C331A60076510D /* Assets.xcassets in Resources */,
				AB1ED4E721C332C40076510D /* HabitImageCollectionViewCell.xib in Resources */,
				AB1ED4E321C332C40076510D /* AddHabitViewController.xib in Resources */,
			);
			runOnlyForDeploymentPostprocessing = 0;
		};
/* End PBXResourcesBuildPhase section */

/* Begin PBXSourcesBuildPhase section */
		AB1ED4B121C331A50076510D /* Sources */ = {
			isa = PBXSourcesBuildPhase;
			buildActionMask = 2147483647;
			files = (
				AB1ED4EA21C332C40076510D /* AddHabitViewController.swift in Sources */,
				AB1ED4B921C331A50076510D /* AppDelegate.swift in Sources */,
				AB1ED4E121C332C40076510D /* Habit.swift in Sources */,
				AB1ED4E621C332C40076510D /* HabitImageCollectionViewCell.swift in Sources */,
				AB1ED4E821C332C40076510D /* HabitTableViewCell.swift in Sources */,
				AB1ED4E521C332C40076510D /* PersistenceLayer.swift in Sources */,
				AB1ED4E021C332C40076510D /* HabitDetailedViewController.swift in Sources */,
				AB1ED4EC21C332C40076510D /* ConfirmHabitViewController.swift in Sources */,
				4996989C21C6D28100AC8632 /* MattHabitual.xcdatamodeld in Sources */,
				AB1ED4E921C332C40076510D /* HabitsTableViewController.swift in Sources */,
				AB1ED4DE21C332C40076510D /* DateExtensions.swift in Sources */,
			);
			runOnlyForDeploymentPostprocessing = 0;
		};
/* End PBXSourcesBuildPhase section */

/* Begin PBXVariantGroup section */
		AB1ED4C421C331A60076510D /* LaunchScreen.storyboard */ = {
			isa = PBXVariantGroup;
			children = (
				AB1ED4C521C331A60076510D /* Base */,
			);
			name = LaunchScreen.storyboard;
			sourceTree = "<group>";
		};
/* End PBXVariantGroup section */

/* Begin XCBuildConfiguration section */
		AB1ED4C821C331A60076510D /* Debug */ = {
			isa = XCBuildConfiguration;
			buildSettings = {
				ALWAYS_SEARCH_USER_PATHS = NO;
				CLANG_ANALYZER_NONNULL = YES;
				CLANG_ANALYZER_NUMBER_OBJECT_CONVERSION = YES_AGGRESSIVE;
				CLANG_CXX_LANGUAGE_STANDARD = "gnu++14";
				CLANG_CXX_LIBRARY = "libc++";
				CLANG_ENABLE_MODULES = YES;
				CLANG_ENABLE_OBJC_ARC = YES;
				CLANG_ENABLE_OBJC_WEAK = YES;
				CLANG_WARN_BLOCK_CAPTURE_AUTORELEASING = YES;
				CLANG_WARN_BOOL_CONVERSION = YES;
				CLANG_WARN_COMMA = YES;
				CLANG_WARN_CONSTANT_CONVERSION = YES;
				CLANG_WARN_DEPRECATED_OBJC_IMPLEMENTATIONS = YES;
				CLANG_WARN_DIRECT_OBJC_ISA_USAGE = YES_ERROR;
				CLANG_WARN_DOCUMENTATION_COMMENTS = YES;
				CLANG_WARN_EMPTY_BODY = YES;
				CLANG_WARN_ENUM_CONVERSION = YES;
				CLANG_WARN_INFINITE_RECURSION = YES;
				CLANG_WARN_INT_CONVERSION = YES;
				CLANG_WARN_NON_LITERAL_NULL_CONVERSION = YES;
				CLANG_WARN_OBJC_IMPLICIT_RETAIN_SELF = YES;
				CLANG_WARN_OBJC_LITERAL_CONVERSION = YES;
				CLANG_WARN_OBJC_ROOT_CLASS = YES_ERROR;
				CLANG_WARN_RANGE_LOOP_ANALYSIS = YES;
				CLANG_WARN_STRICT_PROTOTYPES = YES;
				CLANG_WARN_SUSPICIOUS_MOVE = YES;
				CLANG_WARN_UNGUARDED_AVAILABILITY = YES_AGGRESSIVE;
				CLANG_WARN_UNREACHABLE_CODE = YES;
				CLANG_WARN__DUPLICATE_METHOD_MATCH = YES;
				CODE_SIGN_IDENTITY = "iPhone Developer";
				COPY_PHASE_STRIP = NO;
				DEBUG_INFORMATION_FORMAT = dwarf;
				ENABLE_STRICT_OBJC_MSGSEND = YES;
				ENABLE_TESTABILITY = YES;
				GCC_C_LANGUAGE_STANDARD = gnu11;
				GCC_DYNAMIC_NO_PIC = NO;
				GCC_NO_COMMON_BLOCKS = YES;
				GCC_OPTIMIZATION_LEVEL = 0;
				GCC_PREPROCESSOR_DEFINITIONS = (
					"DEBUG=1",
					"$(inherited)",
				);
				GCC_WARN_64_TO_32_BIT_CONVERSION = YES;
				GCC_WARN_ABOUT_RETURN_TYPE = YES_ERROR;
				GCC_WARN_UNDECLARED_SELECTOR = YES;
				GCC_WARN_UNINITIALIZED_AUTOS = YES_AGGRESSIVE;
				GCC_WARN_UNUSED_FUNCTION = YES;
				GCC_WARN_UNUSED_VARIABLE = YES;
				IPHONEOS_DEPLOYMENT_TARGET = 12.0;
				MTL_ENABLE_DEBUG_INFO = INCLUDE_SOURCE;
				MTL_FAST_MATH = YES;
				ONLY_ACTIVE_ARCH = YES;
				SDKROOT = iphoneos;
				SWIFT_ACTIVE_COMPILATION_CONDITIONS = DEBUG;
				SWIFT_OPTIMIZATION_LEVEL = "-Onone";
			};
			name = Debug;
		};
		AB1ED4C921C331A60076510D /* Release */ = {
			isa = XCBuildConfiguration;
			buildSettings = {
				ALWAYS_SEARCH_USER_PATHS = NO;
				CLANG_ANALYZER_NONNULL = YES;
				CLANG_ANALYZER_NUMBER_OBJECT_CONVERSION = YES_AGGRESSIVE;
				CLANG_CXX_LANGUAGE_STANDARD = "gnu++14";
				CLANG_CXX_LIBRARY = "libc++";
				CLANG_ENABLE_MODULES = YES;
				CLANG_ENABLE_OBJC_ARC = YES;
				CLANG_ENABLE_OBJC_WEAK = YES;
				CLANG_WARN_BLOCK_CAPTURE_AUTORELEASING = YES;
				CLANG_WARN_BOOL_CONVERSION = YES;
				CLANG_WARN_COMMA = YES;
				CLANG_WARN_CONSTANT_CONVERSION = YES;
				CLANG_WARN_DEPRECATED_OBJC_IMPLEMENTATIONS = YES;
				CLANG_WARN_DIRECT_OBJC_ISA_USAGE = YES_ERROR;
				CLANG_WARN_DOCUMENTATION_COMMENTS = YES;
				CLANG_WARN_EMPTY_BODY = YES;
				CLANG_WARN_ENUM_CONVERSION = YES;
				CLANG_WARN_INFINITE_RECURSION = YES;
				CLANG_WARN_INT_CONVERSION = YES;
				CLANG_WARN_NON_LITERAL_NULL_CONVERSION = YES;
				CLANG_WARN_OBJC_IMPLICIT_RETAIN_SELF = YES;
				CLANG_WARN_OBJC_LITERAL_CONVERSION = YES;
				CLANG_WARN_OBJC_ROOT_CLASS = YES_ERROR;
				CLANG_WARN_RANGE_LOOP_ANALYSIS = YES;
				CLANG_WARN_STRICT_PROTOTYPES = YES;
				CLANG_WARN_SUSPICIOUS_MOVE = YES;
				CLANG_WARN_UNGUARDED_AVAILABILITY = YES_AGGRESSIVE;
				CLANG_WARN_UNREACHABLE_CODE = YES;
				CLANG_WARN__DUPLICATE_METHOD_MATCH = YES;
				CODE_SIGN_IDENTITY = "iPhone Developer";
				COPY_PHASE_STRIP = NO;
				DEBUG_INFORMATION_FORMAT = "dwarf-with-dsym";
				ENABLE_NS_ASSERTIONS = NO;
				ENABLE_STRICT_OBJC_MSGSEND = YES;
				GCC_C_LANGUAGE_STANDARD = gnu11;
				GCC_NO_COMMON_BLOCKS = YES;
				GCC_WARN_64_TO_32_BIT_CONVERSION = YES;
				GCC_WARN_ABOUT_RETURN_TYPE = YES_ERROR;
				GCC_WARN_UNDECLARED_SELECTOR = YES;
				GCC_WARN_UNINITIALIZED_AUTOS = YES_AGGRESSIVE;
				GCC_WARN_UNUSED_FUNCTION = YES;
				GCC_WARN_UNUSED_VARIABLE = YES;
				IPHONEOS_DEPLOYMENT_TARGET = 12.0;
				MTL_ENABLE_DEBUG_INFO = NO;
				MTL_FAST_MATH = YES;
				SDKROOT = iphoneos;
				SWIFT_COMPILATION_MODE = wholemodule;
				SWIFT_OPTIMIZATION_LEVEL = "-O";
				VALIDATE_PRODUCT = YES;
			};
			name = Release;
		};
		AB1ED4CB21C331A60076510D /* Debug */ = {
			isa = XCBuildConfiguration;
			buildSettings = {
				ASSETCATALOG_COMPILER_APPICON_NAME = AppIcon;
				CODE_SIGN_STYLE = Automatic;
				DEVELOPMENT_TEAM = P2956JDDUT;
				INFOPLIST_FILE = "$(SRCROOT)/MattHabitual/Info.plist";
				LD_RUNPATH_SEARCH_PATHS = (
					"$(inherited)",
					"@executable_path/Frameworks",
				);
				PRODUCT_BUNDLE_IDENTIFIER = com.MatthewPhraxayavong.MattHabitual;
				PRODUCT_NAME = "$(TARGET_NAME)";
				SWIFT_VERSION = 4.2;
				TARGETED_DEVICE_FAMILY = "1,2";
			};
			name = Debug;
		};
		AB1ED4CC21C331A60076510D /* Release */ = {
			isa = XCBuildConfiguration;
			buildSettings = {
				ASSETCATALOG_COMPILER_APPICON_NAME = AppIcon;
				CODE_SIGN_STYLE = Automatic;
				DEVELOPMENT_TEAM = P2956JDDUT;
				INFOPLIST_FILE = "$(SRCROOT)/MattHabitual/Info.plist";
				LD_RUNPATH_SEARCH_PATHS = (
					"$(inherited)",
					"@executable_path/Frameworks",
				);
				PRODUCT_BUNDLE_IDENTIFIER = com.MatthewPhraxayavong.MattHabitual;
				PRODUCT_NAME = "$(TARGET_NAME)";
				SWIFT_VERSION = 4.2;
				TARGETED_DEVICE_FAMILY = "1,2";
			};
			name = Release;
		};
/* End XCBuildConfiguration section */

/* Begin XCConfigurationList section */
		AB1ED4B021C331A50076510D /* Build configuration list for PBXProject "MattHabitual" */ = {
			isa = XCConfigurationList;
			buildConfigurations = (
				AB1ED4C821C331A60076510D /* Debug */,
				AB1ED4C921C331A60076510D /* Release */,
			);
			defaultConfigurationIsVisible = 0;
			defaultConfigurationName = Release;
		};
		AB1ED4CA21C331A60076510D /* Build configuration list for PBXNativeTarget "MattHabitual" */ = {
			isa = XCConfigurationList;
			buildConfigurations = (
				AB1ED4CB21C331A60076510D /* Debug */,
				AB1ED4CC21C331A60076510D /* Release */,
			);
			defaultConfigurationIsVisible = 0;
			defaultConfigurationName = Release;
		};
/* End XCConfigurationList section */

/* Begin XCVersionGroup section */
		4996989A21C6D28100AC8632 /* MattHabitual.xcdatamodeld */ = {
			isa = XCVersionGroup;
			children = (
				4996989B21C6D28100AC8632 /* MattHabitual.xcdatamodel */,
			);
			path = MattHabitual.xcdatamodeld;
			sourceTree = "<group>";
			versionGroupType = wrapper.xcdatamodel;
		};
/* End XCVersionGroup section */
	};
	rootObject = AB1ED4AD21C331A50076510D /* Project object */;
}
